// !$*UTF8*$!
{
	archiveVersion = 1;
	classes = {
	};
	objectVersion = 46;
	objects = {

/* Begin PBXBuildFile section */
		1CC90C921E2D3B120097E78A /* AppDelegate.swift in Sources */ = {isa = PBXBuildFile; fileRef = 1CC90C911E2D3B120097E78A /* AppDelegate.swift */; };
		1CC90C941E2D3B120097E78A /* ViewController.swift in Sources */ = {isa = PBXBuildFile; fileRef = 1CC90C931E2D3B120097E78A /* ViewController.swift */; };
		1CC90C971E2D3B120097E78A /* Main.storyboard in Resources */ = {isa = PBXBuildFile; fileRef = 1CC90C951E2D3B120097E78A /* Main.storyboard */; };
		1CC90C991E2D3B120097E78A /* Assets.xcassets in Resources */ = {isa = PBXBuildFile; fileRef = 1CC90C981E2D3B120097E78A /* Assets.xcassets */; };
		1CC90C9C1E2D3B120097E78A /* LaunchScreen.storyboard in Resources */ = {isa = PBXBuildFile; fileRef = 1CC90C9A1E2D3B120097E78A /* LaunchScreen.storyboard */; };
		1CC90CA71E2D3B130097E78A /* FoodTrackerTests.swift in Sources */ = {isa = PBXBuildFile; fileRef = 1CC90CA61E2D3B130097E78A /* FoodTrackerTests.swift */; };
/* End PBXBuildFile section */

/* Begin PBXContainerItemProxy section */
		1CC90CA31E2D3B130097E78A /* PBXContainerItemProxy */ = {
			isa = PBXContainerItemProxy;
			containerPortal = 1CC90C861E2D3B110097E78A /* Project object */;
			proxyType = 1;
			remoteGlobalIDString = 1CC90C8D1E2D3B120097E78A;
			remoteInfo = FoodTracker;
		};
/* End PBXContainerItemProxy section */

/* Begin PBXFileReference section */
		1CC90C8E1E2D3B120097E78A /* FoodTracker.app */ = {isa = PBXFileReference; explicitFileType = wrapper.application; includeInIndex = 0; path = FoodTracker.app; sourceTree = BUILT_PRODUCTS_DIR; };
		1CC90C911E2D3B120097E78A /* AppDelegate.swift */ = {isa = PBXFileReference; lastKnownFileType = sourcecode.swift; path = AppDelegate.swift; sourceTree = "<group>"; };
		1CC90C931E2D3B120097E78A /* ViewController.swift */ = {isa = PBXFileReference; lastKnownFileType = sourcecode.swift; path = ViewController.swift; sourceTree = "<group>"; };
		1CC90C961E2D3B120097E78A /* Base */ = {isa = PBXFileReference; lastKnownFileType = file.storyboard; name = Base; path = Base.lproj/Main.storyboard; sourceTree = "<group>"; };
		1CC90C981E2D3B120097E78A /* Assets.xcassets */ = {isa = PBXFileReference; lastKnownFileType = folder.assetcatalog; path = Assets.xcassets; sourceTree = "<group>"; };
		1CC90C9B1E2D3B120097E78A /* Base */ = {isa = PBXFileReference; lastKnownFileType = file.storyboard; name = Base; path = Base.lproj/LaunchScreen.storyboard; sourceTree = "<group>"; };
		1CC90C9D1E2D3B120097E78A /* Info.plist */ = {isa = PBXFileReference; lastKnownFileType = text.plist.xml; path = Info.plist; sourceTree = "<group>"; };
		1CC90CA21E2D3B130097E78A /* FoodTrackerTests.xctest */ = {isa = PBXFileReference; explicitFileType = wrapper.cfbundle; includeInIndex = 0; path = FoodTrackerTests.xctest; sourceTree = BUILT_PRODUCTS_DIR; };
		1CC90CA61E2D3B130097E78A /* FoodTrackerTests.swift */ = {isa = PBXFileReference; lastKnownFileType = sourcecode.swift; path = FoodTrackerTests.swift; sourceTree = "<group>"; };
		1CC90CA81E2D3B130097E78A /* Info.plist */ = {isa = PBXFileReference; lastKnownFileType = text.plist.xml; path = Info.plist; sourceTree = "<group>"; };
/* End PBXFileReference section */

/* Begin PBXFrameworksBuildPhase section */
		1CC90C8B1E2D3B120097E78A /* Frameworks */ = {
			isa = PBXFrameworksBuildPhase;
			buildActionMask = 2147483647;
			files = (
			);
			runOnlyForDeploymentPostprocessing = 0;
		};
		1CC90C9F1E2D3B130097E78A /* Frameworks */ = {
			isa = PBXFrameworksBuildPhase;
			buildActionMask = 2147483647;
			files = (
			);
			runOnlyForDeploymentPostprocessing = 0;
		};
/* End PBXFrameworksBuildPhase section */

/* Begin PBXGroup section */
		1CC90C851E2D3B110097E78A = {
			isa = PBXGroup;
			children = (
				1CC90C901E2D3B120097E78A /* FoodTracker */,
				1CC90CA51E2D3B130097E78A /* FoodTrackerTests */,
				1CC90C8F1E2D3B120097E78A /* Products */,
			);
			sourceTree = "<group>";
		};
		1CC90C8F1E2D3B120097E78A /* Products */ = {
			isa = PBXGroup;
			children = (
				1CC90C8E1E2D3B120097E78A /* FoodTracker.app */,
				1CC90CA21E2D3B130097E78A /* FoodTrackerTests.xctest */,
			);
			name = Products;
			sourceTree = "<group>";
		};
		1CC90C901E2D3B120097E78A /* FoodTracker */ = {
			isa = PBXGroup;
			children = (
				1CC90C911E2D3B120097E78A /* AppDelegate.swift */,
				1CC90C931E2D3B120097E78A /* ViewController.swift */,
				1CC90C951E2D3B120097E78A /* Main.storyboard */,
				1CC90C981E2D3B120097E78A /* Assets.xcassets */,
				1CC90C9A1E2D3B120097E78A /* LaunchScreen.storyboard */,
				1CC90C9D1E2D3B120097E78A /* Info.plist */,
			);
			path = FoodTracker;
			sourceTree = "<group>";
		};
		1CC90CA51E2D3B130097E78A /* FoodTrackerTests */ = {
			isa = PBXGroup;
			children = (
				1CC90CA61E2D3B130097E78A /* FoodTrackerTests.swift */,
				1CC90CA81E2D3B130097E78A /* Info.plist */,
			);
			path = FoodTrackerTests;
			sourceTree = "<group>";
		};
/* End PBXGroup section */

/* Begin PBXNativeTarget section */
		1CC90C8D1E2D3B120097E78A /* FoodTracker */ = {
			isa = PBXNativeTarget;
			buildConfigurationList = 1CC90CAB1E2D3B130097E78A /* Build configuration list for PBXNativeTarget "FoodTracker" */;
			buildPhases = (
				1CC90C8A1E2D3B120097E78A /* Sources */,
				1CC90C8B1E2D3B120097E78A /* Frameworks */,
				1CC90C8C1E2D3B120097E78A /* Resources */,
			);
			buildRules = (
			);
			dependencies = (
			);
			name = FoodTracker;
			productName = FoodTracker;
			productReference = 1CC90C8E1E2D3B120097E78A /* FoodTracker.app */;
			productType = "com.apple.product-type.application";
		};
		1CC90CA11E2D3B130097E78A /* FoodTrackerTests */ = {
			isa = PBXNativeTarget;
			buildConfigurationList = 1CC90CAE1E2D3B130097E78A /* Build configuration list for PBXNativeTarget "FoodTrackerTests" */;
			buildPhases = (
				1CC90C9E1E2D3B130097E78A /* Sources */,
				1CC90C9F1E2D3B130097E78A /* Frameworks */,
				1CC90CA01E2D3B130097E78A /* Resources */,
			);
			buildRules = (
			);
			dependencies = (
				1CC90CA41E2D3B130097E78A /* PBXTargetDependency */,
			);
			name = FoodTrackerTests;
			productName = FoodTrackerTests;
			productReference = 1CC90CA21E2D3B130097E78A /* FoodTrackerTests.xctest */;
			productType = "com.apple.product-type.bundle.unit-test";
		};
/* End PBXNativeTarget section */

/* Begin PBXProject section */
		1CC90C861E2D3B110097E78A /* Project object */ = {
			isa = PBXProject;
			attributes = {
				LastSwiftUpdateCheck = 0820;
				LastUpgradeCheck = 0820;
				ORGANIZATIONNAME = "Umar Khokhar";
				TargetAttributes = {
					1CC90C8D1E2D3B120097E78A = {
						CreatedOnToolsVersion = 8.2.1;
						DevelopmentTeam = GU8MJ6UL7Z;
						ProvisioningStyle = Automatic;
					};
					1CC90CA11E2D3B130097E78A = {
						CreatedOnToolsVersion = 8.2.1;
						ProvisioningStyle = Automatic;
						TestTargetID = 1CC90C8D1E2D3B120097E78A;
					};
				};
			};
			buildConfigurationList = 1CC90C891E2D3B110097E78A /* Build configuration list for PBXProject "FoodTracker" */;
			compatibilityVersion = "Xcode 3.2";
			developmentRegion = English;
			hasScannedForEncodings = 0;
			knownRegions = (
				en,
				Base,
			);
			mainGroup = 1CC90C851E2D3B110097E78A;
			productRefGroup = 1CC90C8F1E2D3B120097E78A /* Products */;
			projectDirPath = "";
			projectRoot = "";
			targets = (
				1CC90C8D1E2D3B120097E78A /* FoodTracker */,
				1CC90CA11E2D3B130097E78A /* FoodTrackerTests */,
			);
		};
/* End PBXProject section */

/* Begin PBXResourcesBuildPhase section */
		1CC90C8C1E2D3B120097E78A /* Resources */ = {
			isa = PBXResourcesBuildPhase;
			buildActionMask = 2147483647;
			files = (
				1CC90C9C1E2D3B120097E78A /* LaunchScreen.storyboard in Resources */,
				1CC90C991E2D3B120097E78A /* Assets.xcassets in Resources */,
				1CC90C971E2D3B120097E78A /* Main.storyboard in Resources */,
			);
			runOnlyForDeploymentPostprocessing = 0;
		};
		1CC90CA01E2D3B130097E78A /* Resources */ = {
			isa = PBXResourcesBuildPhase;
			buildActionMask = 2147483647;
			files = (
			);
			runOnlyForDeploymentPostprocessing = 0;
		};
/* End PBXResourcesBuildPhase section */

/* Begin PBXSourcesBuildPhase section */
		1CC90C8A1E2D3B120097E78A /* Sources */ = {
			isa = PBXSourcesBuildPhase;
			buildActionMask = 2147483647;
			files = (
				1CC90C941E2D3B120097E78A /* ViewController.swift in Sources */,
				1CC90C921E2D3B120097E78A /* AppDelegate.swift in Sources */,
			);
			runOnlyForDeploymentPostprocessing = 0;
		};
		1CC90C9E1E2D3B130097E78A /* Sources */ = {
			isa = PBXSourcesBuildPhase;
			buildActionMask = 2147483647;
			files = (
				1CC90CA71E2D3B130097E78A /* FoodTrackerTests.swift in Sources */,
			);
			runOnlyForDeploymentPostprocessing = 0;
		};
/* End PBXSourcesBuildPhase section */

/* Begin PBXTargetDependency section */
		1CC90CA41E2D3B130097E78A /* PBXTargetDependency */ = {
			isa = PBXTargetDependency;
			target = 1CC90C8D1E2D3B120097E78A /* FoodTracker */;
			targetProxy = 1CC90CA31E2D3B130097E78A /* PBXContainerItemProxy */;
		};
/* End PBXTargetDependency section */

/* Begin PBXVariantGroup section */
		1CC90C951E2D3B120097E78A /* Main.storyboard */ = {
			isa = PBXVariantGroup;
			children = (
				1CC90C961E2D3B120097E78A /* Base */,
			);
			name = Main.storyboard;
			sourceTree = "<group>";
		};
		1CC90C9A1E2D3B120097E78A /* LaunchScreen.storyboard */ = {
			isa = PBXVariantGroup;
			children = (
				1CC90C9B1E2D3B120097E78A /* Base */,
			);
			name = LaunchScreen.storyboard;
			sourceTree = "<group>";
		};
/* End PBXVariantGroup section */

/* Begin XCBuildConfiguration section */
		1CC90CA91E2D3B130097E78A /* Debug */ = {
			isa = XCBuildConfiguration;
			buildSettings = {
				ALWAYS_SEARCH_USER_PATHS = NO;
				CLANG_ANALYZER_NONNULL = YES;
				CLANG_CXX_LANGUAGE_STANDARD = "gnu++0x";
				CLANG_CXX_LIBRARY = "libc++";
				CLANG_ENABLE_MODULES = YES;
				CLANG_ENABLE_OBJC_ARC = YES;
				CLANG_WARN_BOOL_CONVERSION = YES;
				CLANG_WARN_CONSTANT_CONVERSION = YES;
				CLANG_WARN_DIRECT_OBJC_ISA_USAGE = YES_ERROR;
				CLANG_WARN_DOCUMENTATION_COMMENTS = YES;
				CLANG_WARN_EMPTY_BODY = YES;
				CLANG_WARN_ENUM_CONVERSION = YES;
				CLANG_WARN_INFINITE_RECURSION = YES;
				CLANG_WARN_INT_CONVERSION = YES;
				CLANG_WARN_OBJC_ROOT_CLASS = YES_ERROR;
				CLANG_WARN_SUSPICIOUS_MOVE = YES;
				CLANG_WARN_UNREACHABLE_CODE = YES;
				CLANG_WARN__DUPLICATE_METHOD_MATCH = YES;
				"CODE_SIGN_IDENTITY[sdk=iphoneos*]" = "iPhone Developer";
				COPY_PHASE_STRIP = NO;
				DEBUG_INFORMATION_FORMAT = dwarf;
				ENABLE_STRICT_OBJC_MSGSEND = YES;
				ENABLE_TESTABILITY = YES;
				GCC_C_LANGUAGE_STANDARD = gnu99;
				GCC_DYNAMIC_NO_PIC = NO;
				GCC_NO_COMMON_BLOCKS = YES;
				GCC_OPTIMIZATION_LEVEL = 0;
				GCC_PREPROCESSOR_DEFINITIONS = (
					"DEBUG=1",
					"$(inherited)",
				);
				GCC_WARN_64_TO_32_BIT_CONVERSION = YES;
				GCC_WARN_ABOUT_RETURN_TYPE = YES_ERROR;
				GCC_WARN_UNDECLARED_SELECTOR = YES;
				GCC_WARN_UNINITIALIZED_AUTOS = YES_AGGRESSIVE;
				GCC_WARN_UNUSED_FUNCTION = YES;
				GCC_WARN_UNUSED_VARIABLE = YES;
				IPHONEOS_DEPLOYMENT_TARGET = 10.2;
				MTL_ENABLE_DEBUG_INFO = YES;
				ONLY_ACTIVE_ARCH = YES;
				SDKROOT = iphoneos;
				SWIFT_ACTIVE_COMPILATION_CONDITIONS = DEBUG;
				SWIFT_OPTIMIZATION_LEVEL = "-Onone";
				TARGETED_DEVICE_FAMILY = "1,2";
			};
			name = Debug;
		};
		1CC90CAA1E2D3B130097E78A /* Release */ = {
			isa = XCBuildConfiguration;
			buildSettings = {
				ALWAYS_SEARCH_USER_PATHS = NO;
				CLANG_ANALYZER_NONNULL = YES;
				CLANG_CXX_LANGUAGE_STANDARD = "gnu++0x";
				CLANG_CXX_LIBRARY = "libc++";
				CLANG_ENABLE_MODULES = YES;
				CLANG_ENABLE_OBJC_ARC = YES;
				CLANG_WARN_BOOL_CONVERSION = YES;
				CLANG_WARN_CONSTANT_CONVERSION = YES;
				CLANG_WARN_DIRECT_OBJC_ISA_USAGE = YES_ERROR;
				CLANG_WARN_DOCUMENTATION_COMMENTS = YES;
				CLANG_WARN_EMPTY_BODY = YES;
				CLANG_WARN_ENUM_CONVERSION = YES;
				CLANG_WARN_INFINITE_RECURSION = YES;
				CLANG_WARN_INT_CONVERSION = YES;
				CLANG_WARN_OBJC_ROOT_CLASS = YES_ERROR;
				CLANG_WARN_SUSPICIOUS_MOVE = YES;
				CLANG_WARN_UNREACHABLE_CODE = YES;
				CLANG_WARN__DUPLICATE_METHOD_MATCH = YES;
				"CODE_SIGN_IDENTITY[sdk=iphoneos*]" = "iPhone Developer";
				COPY_PHASE_STRIP = NO;
				DEBUG_INFORMATION_FORMAT = "dwarf-with-dsym";
				ENABLE_NS_ASSERTIONS = NO;
				ENABLE_STRICT_OBJC_MSGSEND = YES;
				GCC_C_LANGUAGE_STANDARD = gnu99;
				GCC_NO_COMMON_BLOCKS = YES;
				GCC_WARN_64_TO_32_BIT_CONVERSION = YES;
				GCC_WARN_ABOUT_RETURN_TYPE = YES_ERROR;
				GCC_WARN_UNDECLARED_SELECTOR = YES;
				GCC_WARN_UNINITIALIZED_AUTOS = YES_AGGRESSIVE;
				GCC_WARN_UNUSED_FUNCTION = YES;
				GCC_WARN_UNUSED_VARIABLE = YES;
				IPHONEOS_DEPLOYMENT_TARGET = 10.2;
				MTL_ENABLE_DEBUG_INFO = NO;
				SDKROOT = iphoneos;
				SWIFT_OPTIMIZATION_LEVEL = "-Owholemodule";
				TARGETED_DEVICE_FAMILY = "1,2";
				VALIDATE_PRODUCT = YES;
			};
			name = Release;
		};
		1CC90CAC1E2D3B130097E78A /* Debug */ = {
			isa = XCBuildConfiguration;
			buildSettings = {
				ASSETCATALOG_COMPILER_APPICON_NAME = AppIcon;
				DEVELOPMENT_TEAM = GU8MJ6UL7Z;
				INFOPLIST_FILE = FoodTracker/Info.plist;
				LD_RUNPATH_SEARCH_PATHS = "$(inherited) @executable_path/Frameworks";
				PRODUCT_BUNDLE_IDENTIFIER = com.umarkhokhar.FoodTracker;
				PRODUCT_NAME = "$(TARGET_NAME)";
				SWIFT_VERSION = 3.0;
			};
			name = Debug;
		};
		1CC90CAD1E2D3B130097E78A /* Release */ = {
			isa = XCBuildConfiguration;
			buildSettings = {
				ASSETCATALOG_COMPILER_APPICON_NAME = AppIcon;
				DEVELOPMENT_TEAM = GU8MJ6UL7Z;
				INFOPLIST_FILE = FoodTracker/Info.plist;
				LD_RUNPATH_SEARCH_PATHS = "$(inherited) @executable_path/Frameworks";
				PRODUCT_BUNDLE_IDENTIFIER = com.umarkhokhar.FoodTracker;
				PRODUCT_NAME = "$(TARGET_NAME)";
				SWIFT_VERSION = 3.0;
			};
			name = Release;
		};
		1CC90CAF1E2D3B130097E78A /* Debug */ = {
			isa = XCBuildConfiguration;
			buildSettings = {
				ALWAYS_EMBED_SWIFT_STANDARD_LIBRARIES = YES;
				BUNDLE_LOADER = "$(TEST_HOST)";
				INFOPLIST_FILE = FoodTrackerTests/Info.plist;
				LD_RUNPATH_SEARCH_PATHS = "$(inherited) @executable_path/Frameworks @loader_path/Frameworks";
				PRODUCT_BUNDLE_IDENTIFIER = com.example.FoodTrackerTests;
				PRODUCT_NAME = "$(TARGET_NAME)";
				SWIFT_VERSION = 3.0;
				TEST_HOST = "$(BUILT_PRODUCTS_DIR)/FoodTracker.app/FoodTracker";
			};
			name = Debug;
		};
		1CC90CB01E2D3B130097E78A /* Release */ = {
			isa = XCBuildConfiguration;
			buildSettings = {
				ALWAYS_EMBED_SWIFT_STANDARD_LIBRARIES = YES;
				BUNDLE_LOADER = "$(TEST_HOST)";
				INFOPLIST_FILE = FoodTrackerTests/Info.plist;
				LD_RUNPATH_SEARCH_PATHS = "$(inherited) @executable_path/Frameworks @loader_path/Frameworks";
				PRODUCT_BUNDLE_IDENTIFIER = com.example.FoodTrackerTests;
				PRODUCT_NAME = "$(TARGET_NAME)";
				SWIFT_VERSION = 3.0;
				TEST_HOST = "$(BUILT_PRODUCTS_DIR)/FoodTracker.app/FoodTracker";
			};
			name = Release;
		};
/* End XCBuildConfiguration section */

/* Begin XCConfigurationList section */
		1CC90C891E2D3B110097E78A /* Build configuration list for PBXProject "FoodTracker" */ = {
			isa = XCConfigurationList;
			buildConfigurations = (
				1CC90CA91E2D3B130097E78A /* Debug */,
				1CC90CAA1E2D3B130097E78A /* Release */,
			);
			defaultConfigurationIsVisible = 0;
			defaultConfigurationName = Release;
		};
		1CC90CAB1E2D3B130097E78A /* Build configuration list for PBXNativeTarget "FoodTracker" */ = {
			isa = XCConfigurationList;
			buildConfigurations = (
				1CC90CAC1E2D3B130097E78A /* Debug */,
				1CC90CAD1E2D3B130097E78A /* Release */,
			);
			defaultConfigurationIsVisible = 0;
		};
		1CC90CAE1E2D3B130097E78A /* Build configuration list for PBXNativeTarget "FoodTrackerTests" */ = {
			isa = XCConfigurationList;
			buildConfigurations = (
				1CC90CAF1E2D3B130097E78A /* Debug */,
				1CC90CB01E2D3B130097E78A /* Release */,
			);
			defaultConfigurationIsVisible = 0;
		};
/* End XCConfigurationList section */
	};
	rootObject = 1CC90C861E2D3B110097E78A /* Project object */;
}
